
Microsoft Visual Studio Solution File, Format Version 12.00
# Visual Studio Version 16
VisualStudioVersion = 16.0.30503.244
MinimumVisualStudioVersion = 10.0.40219.1
Project("{D2ABAB84-BF74-430A-B69E-9DC6D40DDA17}") = "MultiDataBaseRepair3", "MultiDataBaseRepair3.dwproj", "{C2D18D41-8CF5-4B3C-A11C-6F13C343BF09}"
EndProject
Project("{00D1A9C2-B5F0-4AF3-8072-F6C62B433612}") = "DataBaseRepairPhone", "..\DataBaseRepairPhone\DataBaseRepairPhone.sqlproj", "{3B58D330-5BDD-4669-9C37-8D5BFDBB31B9}"
EndProject
Global
	GlobalSection(SolutionConfigurationPlatforms) = preSolution
		Debug|Any CPU = Debug|Any CPU
		Development|Any CPU = Development|Any CPU
		Release|Any CPU = Release|Any CPU
	EndGlobalSection
	GlobalSection(ProjectConfigurationPlatforms) = postSolution
		{C2D18D41-8CF5-4B3C-A11C-6F13C343BF09}.Debug|Any CPU.ActiveCfg = Development
		{C2D18D41-8CF5-4B3C-A11C-6F13C343BF09}.Debug|Any CPU.Build.0 = Development
		{C2D18D41-8CF5-4B3C-A11C-6F13C343BF09}.Debug|Any CPU.Deploy.0 = Development
		{C2D18D41-8CF5-4B3C-A11C-6F13C343BF09}.Development|Any CPU.ActiveCfg = Development
		{C2D18D41-8CF5-4B3C-A11C-6F13C343BF09}.Development|Any CPU.Build.0 = Development
		{C2D18D41-8CF5-4B3C-A11C-6F13C343BF09}.Development|Any CPU.Deploy.0 = Development
		{C2D18D41-8CF5-4B3C-A11C-6F13C343BF09}.Release|Any CPU.ActiveCfg = Development
		{C2D18D41-8CF5-4B3C-A11C-6F13C343BF09}.Release|Any CPU.Build.0 = Development
		{C2D18D41-8CF5-4B3C-A11C-6F13C343BF09}.Release|Any CPU.Deploy.0 = Development
		{3B58D330-5BDD-4669-9C37-8D5BFDBB31B9}.Debug|Any CPU.ActiveCfg = Debug|Any CPU
		{3B58D330-5BDD-4669-9C37-8D5BFDBB31B9}.Debug|Any CPU.Build.0 = Debug|Any CPU
		{3B58D330-5BDD-4669-9C37-8D5BFDBB31B9}.Debug|Any CPU.Deploy.0 = Debug|Any CPU
		{3B58D330-5BDD-4669-9C37-8D5BFDBB31B9}.Development|Any CPU.ActiveCfg = Debug|Any CPU
		{3B58D330-5BDD-4669-9C37-8D5BFDBB31B9}.Development|Any CPU.Build.0 = Debug|Any CPU
		{3B58D330-5BDD-4669-9C37-8D5BFDBB31B9}.Development|Any CPU.Deploy.0 = Debug|Any CPU
		{3B58D330-5BDD-4669-9C37-8D5BFDBB31B9}.Release|Any CPU.ActiveCfg = Release|Any CPU
		{3B58D330-5BDD-4669-9C37-8D5BFDBB31B9}.Release|Any CPU.Build.0 = Release|Any CPU
		{3B58D330-5BDD-4669-9C37-8D5BFDBB31B9}.Release|Any CPU.Deploy.0 = Release|Any CPU
	EndGlobalSection
	GlobalSection(SolutionProperties) = preSolution
		HideSolutionNode = FALSE
	EndGlobalSection
	GlobalSection(ExtensibilityGlobals) = postSolution
		SolutionGuid = {1B7744F6-4426-45C2-8086-E74FD3DDC06F}
	EndGlobalSection
EndGlobal
